// !$*UTF8*$!
{
	archiveVersion = 1;
	classes = {
	};
	objectVersion = 48;
	objects = {

/* Begin PBXBuildFile section */
		291C6EB99D3F2B51F596CD22 /* Pods_RxNamer.framework in Frameworks */ = {isa = PBXBuildFile; fileRef = 376B73898D3F2613FB04B758 /* Pods_RxNamer.framework */; };
		F67459781FB810A20099D95A /* AppDelegate.swift in Sources */ = {isa = PBXBuildFile; fileRef = F67459771FB810A20099D95A /* AppDelegate.swift */; };
		F674597A1FB810A20099D95A /* ViewController.swift in Sources */ = {isa = PBXBuildFile; fileRef = F67459791FB810A20099D95A /* ViewController.swift */; };
		F674597D1FB810A20099D95A /* Main.storyboard in Resources */ = {isa = PBXBuildFile; fileRef = F674597B1FB810A20099D95A /* Main.storyboard */; };
		F674597F1FB810A20099D95A /* Assets.xcassets in Resources */ = {isa = PBXBuildFile; fileRef = F674597E1FB810A20099D95A /* Assets.xcassets */; };
		F67459821FB810A20099D95A /* LaunchScreen.storyboard in Resources */ = {isa = PBXBuildFile; fileRef = F67459801FB810A20099D95A /* LaunchScreen.storyboard */; };
/* End PBXBuildFile section */

/* Begin PBXFileReference section */
		376B73898D3F2613FB04B758 /* Pods_RxNamer.framework */ = {isa = PBXFileReference; explicitFileType = wrapper.framework; includeInIndex = 0; path = Pods_RxNamer.framework; sourceTree = BUILT_PRODUCTS_DIR; };
		9AF704219AEA6039DA6F69BC /* Pods-RxNamer.debug.xcconfig */ = {isa = PBXFileReference; includeInIndex = 1; lastKnownFileType = text.xcconfig; name = "Pods-RxNamer.debug.xcconfig"; path = "Pods/Target Support Files/Pods-RxNamer/Pods-RxNamer.debug.xcconfig"; sourceTree = "<group>"; };
		AF34038CFF0CD3529CDAFA75 /* Pods-RxNamer.release.xcconfig */ = {isa = PBXFileReference; includeInIndex = 1; lastKnownFileType = text.xcconfig; name = "Pods-RxNamer.release.xcconfig"; path = "Pods/Target Support Files/Pods-RxNamer/Pods-RxNamer.release.xcconfig"; sourceTree = "<group>"; };
		F67459741FB810A20099D95A /* RxNamer.app */ = {isa = PBXFileReference; explicitFileType = wrapper.application; includeInIndex = 0; path = RxNamer.app; sourceTree = BUILT_PRODUCTS_DIR; };
		F67459771FB810A20099D95A /* AppDelegate.swift */ = {isa = PBXFileReference; lastKnownFileType = sourcecode.swift; path = AppDelegate.swift; sourceTree = "<group>"; };
		F67459791FB810A20099D95A /* ViewController.swift */ = {isa = PBXFileReference; lastKnownFileType = sourcecode.swift; path = ViewController.swift; sourceTree = "<group>"; };
		F674597C1FB810A20099D95A /* Base */ = {isa = PBXFileReference; lastKnownFileType = file.storyboard; name = Base; path = Base.lproj/Main.storyboard; sourceTree = "<group>"; };
		F674597E1FB810A20099D95A /* Assets.xcassets */ = {isa = PBXFileReference; lastKnownFileType = folder.assetcatalog; path = Assets.xcassets; sourceTree = "<group>"; };
		F67459811FB810A20099D95A /* Base */ = {isa = PBXFileReference; lastKnownFileType = file.storyboard; name = Base; path = Base.lproj/LaunchScreen.storyboard; sourceTree = "<group>"; };
		F67459831FB810A20099D95A /* Info.plist */ = {isa = PBXFileReference; lastKnownFileType = text.plist.xml; path = Info.plist; sourceTree = "<group>"; };
/* End PBXFileReference section */

/* Begin PBXFrameworksBuildPhase section */
		F67459711FB810A20099D95A /* Frameworks */ = {
			isa = PBXFrameworksBuildPhase;
			buildActionMask = 2147483647;
			files = (
				291C6EB99D3F2B51F596CD22 /* Pods_RxNamer.framework in Frameworks */,
			);
			runOnlyForDeploymentPostprocessing = 0;
		};
/* End PBXFrameworksBuildPhase section */

/* Begin PBXGroup section */
		165FAF5B0251F4CDEB270C9E /* Pods */ = {
			isa = PBXGroup;
			children = (
				9AF704219AEA6039DA6F69BC /* Pods-RxNamer.debug.xcconfig */,
				AF34038CFF0CD3529CDAFA75 /* Pods-RxNamer.release.xcconfig */,
			);
			name = Pods;
			sourceTree = "<group>";
		};
		2FCC9ED31064A1F17A7AA6B2 /* Frameworks */ = {
			isa = PBXGroup;
			children = (
				376B73898D3F2613FB04B758 /* Pods_RxNamer.framework */,
			);
			name = Frameworks;
			sourceTree = "<group>";
		};
		F674596B1FB810A20099D95A = {
			isa = PBXGroup;
			children = (
				F67459761FB810A20099D95A /* RxNamer */,
				F67459751FB810A20099D95A /* Products */,
				165FAF5B0251F4CDEB270C9E /* Pods */,
				2FCC9ED31064A1F17A7AA6B2 /* Frameworks */,
			);
			sourceTree = "<group>";
		};
		F67459751FB810A20099D95A /* Products */ = {
			isa = PBXGroup;
			children = (
				F67459741FB810A20099D95A /* RxNamer.app */,
			);
			name = Products;
			sourceTree = "<group>";
		};
		F67459761FB810A20099D95A /* RxNamer */ = {
			isa = PBXGroup;
			children = (
				F67459771FB810A20099D95A /* AppDelegate.swift */,
				F67459791FB810A20099D95A /* ViewController.swift */,
				F674597B1FB810A20099D95A /* Main.storyboard */,
				F674597E1FB810A20099D95A /* Assets.xcassets */,
				F67459801FB810A20099D95A /* LaunchScreen.storyboard */,
				F67459831FB810A20099D95A /* Info.plist */,
			);
			path = RxNamer;
			sourceTree = "<group>";
		};
/* End PBXGroup section */

/* Begin PBXNativeTarget section */
		F67459731FB810A20099D95A /* RxNamer */ = {
			isa = PBXNativeTarget;
			buildConfigurationList = F67459861FB810A20099D95A /* Build configuration list for PBXNativeTarget "RxNamer" */;
			buildPhases = (
				85447957CC4D48E77A7F56DF /* [CP] Check Pods Manifest.lock */,
				F67459701FB810A20099D95A /* Sources */,
				F67459711FB810A20099D95A /* Frameworks */,
				F67459721FB810A20099D95A /* Resources */,
				40DF4D1320CAA3ADE3A45011 /* [CP] Embed Pods Frameworks */,
				9607FDDA70CD99EF50996CA8 /* [CP] Copy Pods Resources */,
			);
			buildRules = (
			);
			dependencies = (
			);
			name = RxNamer;
			productName = RxNamer;
			productReference = F67459741FB810A20099D95A /* RxNamer.app */;
			productType = "com.apple.product-type.application";
		};
/* End PBXNativeTarget section */

/* Begin PBXProject section */
		F674596C1FB810A20099D95A /* Project object */ = {
			isa = PBXProject;
			attributes = {
				LastSwiftUpdateCheck = 0910;
				LastUpgradeCheck = 0910;
				ORGANIZATIONNAME = IceApinan;
				TargetAttributes = {
					F67459731FB810A20099D95A = {
						CreatedOnToolsVersion = 9.1;
						ProvisioningStyle = Automatic;
					};
				};
			};
			buildConfigurationList = F674596F1FB810A20099D95A /* Build configuration list for PBXProject "RxNamer" */;
			compatibilityVersion = "Xcode 8.0";
			developmentRegion = en;
			hasScannedForEncodings = 0;
			knownRegions = (
				en,
				Base,
			);
			mainGroup = F674596B1FB810A20099D95A;
			productRefGroup = F67459751FB810A20099D95A /* Products */;
			projectDirPath = "";
			projectRoot = "";
			targets = (
				F67459731FB810A20099D95A /* RxNamer */,
			);
		};
/* End PBXProject section */

/* Begin PBXResourcesBuildPhase section */
		F67459721FB810A20099D95A /* Resources */ = {
			isa = PBXResourcesBuildPhase;
			buildActionMask = 2147483647;
			files = (
				F67459821FB810A20099D95A /* LaunchScreen.storyboard in Resources */,
				F674597F1FB810A20099D95A /* Assets.xcassets in Resources */,
				F674597D1FB810A20099D95A /* Main.storyboard in Resources */,
			);
			runOnlyForDeploymentPostprocessing = 0;
		};
/* End PBXResourcesBuildPhase section */

/* Begin PBXShellScriptBuildPhase section */
		40DF4D1320CAA3ADE3A45011 /* [CP] Embed Pods Frameworks */ = {
			isa = PBXShellScriptBuildPhase;
			buildActionMask = 2147483647;
			files = (
			);
			inputPaths = (
				"${SRCROOT}/Pods/Target Support Files/Pods-RxNamer/Pods-RxNamer-frameworks.sh",
				"${BUILT_PRODUCTS_DIR}/RxCocoa/RxCocoa.framework",
				"${BUILT_PRODUCTS_DIR}/RxSwift/RxSwift.framework",
			);
			name = "[CP] Embed Pods Frameworks";
			outputPaths = (
				"${TARGET_BUILD_DIR}/${FRAMEWORKS_FOLDER_PATH}/RxCocoa.framework",
				"${TARGET_BUILD_DIR}/${FRAMEWORKS_FOLDER_PATH}/RxSwift.framework",
			);
			runOnlyForDeploymentPostprocessing = 0;
			shellPath = /bin/sh;
			shellScript = "\"${SRCROOT}/Pods/Target Support Files/Pods-RxNamer/Pods-RxNamer-frameworks.sh\"\n";
			showEnvVarsInLog = 0;
		};
		85447957CC4D48E77A7F56DF /* [CP] Check Pods Manifest.lock */ = {
			isa = PBXShellScriptBuildPhase;
			buildActionMask = 2147483647;
			files = (
			);
			inputPaths = (
				"${PODS_PODFILE_DIR_PATH}/Podfile.lock",
				"${PODS_ROOT}/Manifest.lock",
			);
			name = "[CP] Check Pods Manifest.lock";
			outputPaths = (
				"$(DERIVED_FILE_DIR)/Pods-RxNamer-checkManifestLockResult.txt",
			);
			runOnlyForDeploymentPostprocessing = 0;
			shellPath = /bin/sh;
			shellScript = "diff \"${PODS_PODFILE_DIR_PATH}/Podfile.lock\" \"${PODS_ROOT}/Manifest.lock\" > /dev/null\nif [ $? != 0 ] ; then\n    # print error to STDERR\n    echo \"error: The sandbox is not in sync with the Podfile.lock. Run 'pod install' or update your CocoaPods installation.\" >&2\n    exit 1\nfi\n# This output is used by Xcode 'outputs' to avoid re-running this script phase.\necho \"SUCCESS\" > \"${SCRIPT_OUTPUT_FILE_0}\"\n";
			showEnvVarsInLog = 0;
		};
		9607FDDA70CD99EF50996CA8 /* [CP] Copy Pods Resources */ = {
			isa = PBXShellScriptBuildPhase;
			buildActionMask = 2147483647;
			files = (
			);
			inputPaths = (
			);
			name = "[CP] Copy Pods Resources";
			outputPaths = (
			);
			runOnlyForDeploymentPostprocessing = 0;
			shellPath = /bin/sh;
			shellScript = "\"${SRCROOT}/Pods/Target Support Files/Pods-RxNamer/Pods-RxNamer-resources.sh\"\n";
			showEnvVarsInLog = 0;
		};
/* End PBXShellScriptBuildPhase section */

/* Begin PBXSourcesBuildPhase section */
		F67459701FB810A20099D95A /* Sources */ = {
			isa = PBXSourcesBuildPhase;
			buildActionMask = 2147483647;
			files = (
				F674597A1FB810A20099D95A /* ViewController.swift in Sources */,
				F67459781FB810A20099D95A /* AppDelegate.swift in Sources */,
			);
			runOnlyForDeploymentPostprocessing = 0;
		};
/* End PBXSourcesBuildPhase section */

/* Begin PBXVariantGroup section */
		F674597B1FB810A20099D95A /* Main.storyboard */ = {
			isa = PBXVariantGroup;
			children = (
				F674597C1FB810A20099D95A /* Base */,
			);
			name = Main.storyboard;
			sourceTree = "<group>";
		};
		F67459801FB810A20099D95A /* LaunchScreen.storyboard */ = {
			isa = PBXVariantGroup;
			children = (
				F67459811FB810A20099D95A /* Base */,
			);
			name = LaunchScreen.storyboard;
			sourceTree = "<group>";
		};
/* End PBXVariantGroup section */

/* Begin XCBuildConfiguration section */
		F67459841FB810A20099D95A /* Debug */ = {
			isa = XCBuildConfiguration;
			buildSettings = {
				ALWAYS_SEARCH_USER_PATHS = NO;
				CLANG_ANALYZER_NONNULL = YES;
				CLANG_ANALYZER_NUMBER_OBJECT_CONVERSION = YES_AGGRESSIVE;
				CLANG_CXX_LANGUAGE_STANDARD = "gnu++14";
				CLANG_CXX_LIBRARY = "libc++";
				CLANG_ENABLE_MODULES = YES;
				CLANG_ENABLE_OBJC_ARC = YES;
				CLANG_WARN_BLOCK_CAPTURE_AUTORELEASING = YES;
				CLANG_WARN_BOOL_CONVERSION = YES;
				CLANG_WARN_COMMA = YES;
				CLANG_WARN_CONSTANT_CONVERSION = YES;
				CLANG_WARN_DIRECT_OBJC_ISA_USAGE = YES_ERROR;
				CLANG_WARN_DOCUMENTATION_COMMENTS = YES;
				CLANG_WARN_EMPTY_BODY = YES;
				CLANG_WARN_ENUM_CONVERSION = YES;
				CLANG_WARN_INFINITE_RECURSION = YES;
				CLANG_WARN_INT_CONVERSION = YES;
				CLANG_WARN_NON_LITERAL_NULL_CONVERSION = YES;
				CLANG_WARN_OBJC_LITERAL_CONVERSION = YES;
				CLANG_WARN_OBJC_ROOT_CLASS = YES_ERROR;
				CLANG_WARN_RANGE_LOOP_ANALYSIS = YES;
				CLANG_WARN_STRICT_PROTOTYPES = YES;
				CLANG_WARN_SUSPICIOUS_MOVE = YES;
				CLANG_WARN_UNGUARDED_AVAILABILITY = YES_AGGRESSIVE;
				CLANG_WARN_UNREACHABLE_CODE = YES;
				CLANG_WARN__DUPLICATE_METHOD_MATCH = YES;
				CODE_SIGN_IDENTITY = "iPhone Developer";
				COPY_PHASE_STRIP = NO;
				DEBUG_INFORMATION_FORMAT = dwarf;
				ENABLE_STRICT_OBJC_MSGSEND = YES;
				ENABLE_TESTABILITY = YES;
				GCC_C_LANGUAGE_STANDARD = gnu11;
				GCC_DYNAMIC_NO_PIC = NO;
				GCC_NO_COMMON_BLOCKS = YES;
				GCC_OPTIMIZATION_LEVEL = 0;
				GCC_PREPROCESSOR_DEFINITIONS = (
					"DEBUG=1",
					"$(inherited)",
				);
				GCC_WARN_64_TO_32_BIT_CONVERSION = YES;
				GCC_WARN_ABOUT_RETURN_TYPE = YES_ERROR;
				GCC_WARN_UNDECLARED_SELECTOR = YES;
				GCC_WARN_UNINITIALIZED_AUTOS = YES_AGGRESSIVE;
				GCC_WARN_UNUSED_FUNCTION = YES;
				GCC_WARN_UNUSED_VARIABLE = YES;
				IPHONEOS_DEPLOYMENT_TARGET = 11.1;
				MTL_ENABLE_DEBUG_INFO = YES;
				ONLY_ACTIVE_ARCH = YES;
				SDKROOT = iphoneos;
				SWIFT_ACTIVE_COMPILATION_CONDITIONS = DEBUG;
				SWIFT_OPTIMIZATION_LEVEL = "-Onone";
			};
			name = Debug;
		};
		F67459851FB810A20099D95A /* Release */ = {
			isa = XCBuildConfiguration;
			buildSettings = {
				ALWAYS_SEARCH_USER_PATHS = NO;
				CLANG_ANALYZER_NONNULL = YES;
				CLANG_ANALYZER_NUMBER_OBJECT_CONVERSION = YES_AGGRESSIVE;
				CLANG_CXX_LANGUAGE_STANDARD = "gnu++14";
				CLANG_CXX_LIBRARY = "libc++";
				CLANG_ENABLE_MODULES = YES;
				CLANG_ENABLE_OBJC_ARC = YES;
				CLANG_WARN_BLOCK_CAPTURE_AUTORELEASING = YES;
				CLANG_WARN_BOOL_CONVERSION = YES;
				CLANG_WARN_COMMA = YES;
				CLANG_WARN_CONSTANT_CONVERSION = YES;
				CLANG_WARN_DIRECT_OBJC_ISA_USAGE = YES_ERROR;
				CLANG_WARN_DOCUMENTATION_COMMENTS = YES;
				CLANG_WARN_EMPTY_BODY = YES;
				CLANG_WARN_ENUM_CONVERSION = YES;
				CLANG_WARN_INFINITE_RECURSION = YES;
				CLANG_WARN_INT_CONVERSION = YES;
				CLANG_WARN_NON_LITERAL_NULL_CONVERSION = YES;
				CLANG_WARN_OBJC_LITERAL_CONVERSION = YES;
				CLANG_WARN_OBJC_ROOT_CLASS = YES_ERROR;
				CLANG_WARN_RANGE_LOOP_ANALYSIS = YES;
				CLANG_WARN_STRICT_PROTOTYPES = YES;
				CLANG_WARN_SUSPICIOUS_MOVE = YES;
				CLANG_WARN_UNGUARDED_AVAILABILITY = YES_AGGRESSIVE;
				CLANG_WARN_UNREACHABLE_CODE = YES;
				CLANG_WARN__DUPLICATE_METHOD_MATCH = YES;
				CODE_SIGN_IDENTITY = "iPhone Developer";
				COPY_PHASE_STRIP = NO;
				DEBUG_INFORMATION_FORMAT = "dwarf-with-dsym";
				ENABLE_NS_ASSERTIONS = NO;
				ENABLE_STRICT_OBJC_MSGSEND = YES;
				GCC_C_LANGUAGE_STANDARD = gnu11;
				GCC_NO_COMMON_BLOCKS = YES;
				GCC_WARN_64_TO_32_BIT_CONVERSION = YES;
				GCC_WARN_ABOUT_RETURN_TYPE = YES_ERROR;
				GCC_WARN_UNDECLARED_SELECTOR = YES;
				GCC_WARN_UNINITIALIZED_AUTOS = YES_AGGRESSIVE;
				GCC_WARN_UNUSED_FUNCTION = YES;
				GCC_WARN_UNUSED_VARIABLE = YES;
				IPHONEOS_DEPLOYMENT_TARGET = 11.1;
				MTL_ENABLE_DEBUG_INFO = NO;
				SDKROOT = iphoneos;
				SWIFT_OPTIMIZATION_LEVEL = "-Owholemodule";
				VALIDATE_PRODUCT = YES;
			};
			name = Release;
		};
		F67459871FB810A20099D95A /* Debug */ = {
			isa = XCBuildConfiguration;
			baseConfigurationReference = 9AF704219AEA6039DA6F69BC /* Pods-RxNamer.debug.xcconfig */;
			buildSettings = {
				ASSETCATALOG_COMPILER_APPICON_NAME = AppIcon;
				CODE_SIGN_STYLE = Automatic;
				DEVELOPMENT_TEAM = QD7C83FMRS;
				INFOPLIST_FILE = RxNamer/Info.plist;
				LD_RUNPATH_SEARCH_PATHS = "$(inherited) @executable_path/Frameworks";
				PRODUCT_BUNDLE_IDENTIFIER = com.IceApinan.RxNamer;
				PRODUCT_NAME = "$(TARGET_NAME)";
				SWIFT_VERSION = 4.0;
				TARGETED_DEVICE_FAMILY = "1,2";
			};
			name = Debug;
		};
		F67459881FB810A20099D95A /* Release */ = {
			isa = XCBuildConfiguration;
			baseConfigurationReference = AF34038CFF0CD3529CDAFA75 /* Pods-RxNamer.release.xcconfig */;
			buildSettings = {
				ASSETCATALOG_COMPILER_APPICON_NAME = AppIcon;
				CODE_SIGN_STYLE = Automatic;
				DEVELOPMENT_TEAM = QD7C83FMRS;
				INFOPLIST_FILE = RxNamer/Info.plist;
				LD_RUNPATH_SEARCH_PATHS = "$(inherited) @executable_path/Frameworks";
				PRODUCT_BUNDLE_IDENTIFIER = com.IceApinan.RxNamer;
				PRODUCT_NAME = "$(TARGET_NAME)";
				SWIFT_VERSION = 4.0;
				TARGETED_DEVICE_FAMILY = "1,2";
			};
			name = Release;
		};
/* End XCBuildConfiguration section */

/* Begin XCConfigurationList section */
		F674596F1FB810A20099D95A /* Build configuration list for PBXProject "RxNamer" */ = {
			isa = XCConfigurationList;
			buildConfigurations = (
				F67459841FB810A20099D95A /* Debug */,
				F67459851FB810A20099D95A /* Release */,
			);
			defaultConfigurationIsVisible = 0;
			defaultConfigurationName = Release;
		};
		F67459861FB810A20099D95A /* Build configuration list for PBXNativeTarget "RxNamer" */ = {
			isa = XCConfigurationList;
			buildConfigurations = (
				F67459871FB810A20099D95A /* Debug */,
				F67459881FB810A20099D95A /* Release */,
			);
			defaultConfigurationIsVisible = 0;
			defaultConfigurationName = Release;
		};
/* End XCConfigurationList section */
	};
	rootObject = F674596C1FB810A20099D95A /* Project object */;
}
